
Microsoft Visual Studio Solution File, Format Version 12.00
# Visual Studio Version 17
VisualStudioVersion = 17.13.35931.197 d17.13
MinimumVisualStudioVersion = 10.0.40219.1
Project("{FAE04EC0-301F-11D3-BF4B-00C04F79EFBC}") = "laboratorna6(3)", "laboratorna6(3)\laboratorna6(3).csproj", "{AEAC05B2-7BC2-4784-B37D-82B15174C7D9}"
EndProject
Global
	GlobalSection(SolutionConfigurationPlatforms) = preSolution
		Debug|Any CPU = Debug|Any CPU
		Release|Any CPU = Release|Any CPU
	EndGlobalSection
	GlobalSection(ProjectConfigurationPlatforms) = postSolution
		{AEAC05B2-7BC2-4784-B37D-82B15174C7D9}.Debug|Any CPU.ActiveCfg = Debug|Any CPU
		{AEAC05B2-7BC2-4784-B37D-82B15174C7D9}.Debug|Any CPU.Build.0 = Debug|Any CPU
		{AEAC05B2-7BC2-4784-B37D-82B15174C7D9}.Release|Any CPU.ActiveCfg = Release|Any CPU
		{AEAC05B2-7BC2-4784-B37D-82B15174C7D9}.Release|Any CPU.Build.0 = Release|Any CPU
	EndGlobalSection
	GlobalSection(SolutionProperties) = preSolution
		HideSolutionNode = FALSE
	EndGlobalSection
	GlobalSection(ExtensibilityGlobals) = postSolution
		SolutionGuid = {0BC52EBA-E3BA-40BF-96A0-E1D77F18FFB2}
	EndGlobalSection
EndGlobal
